
Microsoft Visual Studio Solution File, Format Version 12.00
Project("{FAE04EC0-301F-11D3-BF4B-00C04F79EFBC}") = "ConsoleMath", "ConsoleMath\ConsoleMath.csproj", "{AA618C84-1BD8-48F8-999C-2707D3EB5B5D}"
EndProject
Global
	GlobalSection(SolutionConfigurationPlatforms) = preSolution
		Debug|Any CPU = Debug|Any CPU
		Release|Any CPU = Release|Any CPU
	EndGlobalSection
	GlobalSection(ProjectConfigurationPlatforms) = postSolution
		{AA618C84-1BD8-48F8-999C-2707D3EB5B5D}.Debug|Any CPU.ActiveCfg = Debug|Any CPU
		{AA618C84-1BD8-48F8-999C-2707D3EB5B5D}.Debug|Any CPU.Build.0 = Debug|Any CPU
		{AA618C84-1BD8-48F8-999C-2707D3EB5B5D}.Release|Any CPU.ActiveCfg = Release|Any CPU
		{AA618C84-1BD8-48F8-999C-2707D3EB5B5D}.Release|Any CPU.Build.0 = Release|Any CPU
	EndGlobalSection
EndGlobal
